
Microsoft Visual Studio Solution File, Format Version 12.00
# Visual Studio for Mac
Project("{FAE04EC0-301F-11D3-BF4B-00C04F79EFBC}") = "LAST VERSIONMad Chicken ", "Assembly-CSharp.csproj", "{A8F70B07-7121-FD8B-7D9D-470150DA8BAC}"
EndProject
Global
	GlobalSection(SolutionConfigurationPlatforms) = preSolution
		Debug|Any CPU = Debug|Any CPU
		Release|Any CPU = Release|Any CPU
	EndGlobalSection
	GlobalSection(ProjectConfigurationPlatforms) = postSolution
		{A8F70B07-7121-FD8B-7D9D-470150DA8BAC}.Debug|Any CPU.ActiveCfg = Debug|Any CPU
		{A8F70B07-7121-FD8B-7D9D-470150DA8BAC}.Debug|Any CPU.Build.0 = Debug|Any CPU
		{A8F70B07-7121-FD8B-7D9D-470150DA8BAC}.Release|Any CPU.ActiveCfg = Release|Any CPU
		{A8F70B07-7121-FD8B-7D9D-470150DA8BAC}.Release|Any CPU.Build.0 = Release|Any CPU
	EndGlobalSection
	GlobalSection(SolutionProperties) = preSolution
		HideSolutionNode = FALSE
	EndGlobalSection
EndGlobal
