
Microsoft Visual Studio Solution File, Format Version 12.00
# Visual Studio 2017
Project("{FAE04EC0-301F-11D3-BF4B-00C04F79EFBC}") = "letzteVersion2", "letzteVersion2.csproj", "{12C5B7F1-EF30-B3A0-F99F-327518D8131C}"
EndProject
Global
	GlobalSection(SolutionConfigurationPlatforms) = preSolution
		Debug|Any CPU = Debug|Any CPU
		Release|Any CPU = Release|Any CPU
	EndGlobalSection
	GlobalSection(ProjectConfigurationPlatforms) = postSolution
		{12C5B7F1-EF30-B3A0-F99F-327518D8131C}.Debug|Any CPU.ActiveCfg = Debug|Any CPU
		{12C5B7F1-EF30-B3A0-F99F-327518D8131C}.Debug|Any CPU.Build.0 = Debug|Any CPU
		{12C5B7F1-EF30-B3A0-F99F-327518D8131C}.Release|Any CPU.ActiveCfg = Release|Any CPU
		{12C5B7F1-EF30-B3A0-F99F-327518D8131C}.Release|Any CPU.Build.0 = Release|Any CPU
	EndGlobalSection
	GlobalSection(SolutionProperties) = preSolution
		HideSolutionNode = FALSE
	EndGlobalSection
EndGlobal
